// !$*UTF8*$!
{
	archiveVersion = 1;
	classes = {
	};
	objectVersion = 50;
	objects = {

/* Begin PBXBuildFile section */
		8814CFDB20C720C8006B9525 /* AppDelegate.swift in Sources */ = {isa = PBXBuildFile; fileRef = 8814CFDA20C720C8006B9525 /* AppDelegate.swift */; };
		8814CFDD20C720C8006B9525 /* ViewController.swift in Sources */ = {isa = PBXBuildFile; fileRef = 8814CFDC20C720C8006B9525 /* ViewController.swift */; };
		8814CFE020C720C8006B9525 /* Main.storyboard in Resources */ = {isa = PBXBuildFile; fileRef = 8814CFDE20C720C8006B9525 /* Main.storyboard */; };
		8814CFE320C720C8006B9525 /* testeVerControl.xcdatamodeld in Sources */ = {isa = PBXBuildFile; fileRef = 8814CFE120C720C8006B9525 /* testeVerControl.xcdatamodeld */; };
		8814CFE520C720CD006B9525 /* Assets.xcassets in Resources */ = {isa = PBXBuildFile; fileRef = 8814CFE420C720CD006B9525 /* Assets.xcassets */; };
		8814CFE820C720CD006B9525 /* LaunchScreen.storyboard in Resources */ = {isa = PBXBuildFile; fileRef = 8814CFE620C720CD006B9525 /* LaunchScreen.storyboard */; };
/* End PBXBuildFile section */

/* Begin PBXFileReference section */
		8814CFD720C720C8006B9525 /* testeVerControl.app */ = {isa = PBXFileReference; explicitFileType = wrapper.application; includeInIndex = 0; path = testeVerControl.app; sourceTree = BUILT_PRODUCTS_DIR; };
		8814CFDA20C720C8006B9525 /* AppDelegate.swift */ = {isa = PBXFileReference; lastKnownFileType = sourcecode.swift; path = AppDelegate.swift; sourceTree = "<group>"; };
		8814CFDC20C720C8006B9525 /* ViewController.swift */ = {isa = PBXFileReference; lastKnownFileType = sourcecode.swift; path = ViewController.swift; sourceTree = "<group>"; };
		8814CFDF20C720C8006B9525 /* Base */ = {isa = PBXFileReference; lastKnownFileType = file.storyboard; name = Base; path = Base.lproj/Main.storyboard; sourceTree = "<group>"; };
		8814CFE220C720C8006B9525 /* testeVerControl.xcdatamodel */ = {isa = PBXFileReference; lastKnownFileType = wrapper.xcdatamodel; path = testeVerControl.xcdatamodel; sourceTree = "<group>"; };
		8814CFE420C720CD006B9525 /* Assets.xcassets */ = {isa = PBXFileReference; lastKnownFileType = folder.assetcatalog; path = Assets.xcassets; sourceTree = "<group>"; };
		8814CFE720C720CD006B9525 /* Base */ = {isa = PBXFileReference; lastKnownFileType = file.storyboard; name = Base; path = Base.lproj/LaunchScreen.storyboard; sourceTree = "<group>"; };
		8814CFE920C720CD006B9525 /* Info.plist */ = {isa = PBXFileReference; lastKnownFileType = text.plist.xml; path = Info.plist; sourceTree = "<group>"; };
/* End PBXFileReference section */

/* Begin PBXFrameworksBuildPhase section */
		8814CFD420C720C8006B9525 /* Frameworks */ = {
			isa = PBXFrameworksBuildPhase;
			buildActionMask = 2147483647;
			files = (
			);
			runOnlyForDeploymentPostprocessing = 0;
		};
/* End PBXFrameworksBuildPhase section */

/* Begin PBXGroup section */
		8814CFCE20C720C8006B9525 = {
			isa = PBXGroup;
			children = (
				8814CFD920C720C8006B9525 /* testeVerControl */,
				8814CFD820C720C8006B9525 /* Products */,
			);
			sourceTree = "<group>";
		};
		8814CFD820C720C8006B9525 /* Products */ = {
			isa = PBXGroup;
			children = (
				8814CFD720C720C8006B9525 /* testeVerControl.app */,
			);
			name = Products;
			sourceTree = "<group>";
		};
		8814CFD920C720C8006B9525 /* testeVerControl */ = {
			isa = PBXGroup;
			children = (
				8814CFDA20C720C8006B9525 /* AppDelegate.swift */,
				8814CFDC20C720C8006B9525 /* ViewController.swift */,
				8814CFDE20C720C8006B9525 /* Main.storyboard */,
				8814CFE420C720CD006B9525 /* Assets.xcassets */,
				8814CFE620C720CD006B9525 /* LaunchScreen.storyboard */,
				8814CFE920C720CD006B9525 /* Info.plist */,
				8814CFE120C720C8006B9525 /* testeVerControl.xcdatamodeld */,
			);
			path = testeVerControl;
			sourceTree = "<group>";
		};
/* End PBXGroup section */

/* Begin PBXNativeTarget section */
		8814CFD620C720C8006B9525 /* testeVerControl */ = {
			isa = PBXNativeTarget;
			buildConfigurationList = 8814CFEC20C720CD006B9525 /* Build configuration list for PBXNativeTarget "testeVerControl" */;
			buildPhases = (
				8814CFD320C720C8006B9525 /* Sources */,
				8814CFD420C720C8006B9525 /* Frameworks */,
				8814CFD520C720C8006B9525 /* Resources */,
			);
			buildRules = (
			);
			dependencies = (
			);
			name = testeVerControl;
			productName = testeVerControl;
			productReference = 8814CFD720C720C8006B9525 /* testeVerControl.app */;
			productType = "com.apple.product-type.application";
		};
/* End PBXNativeTarget section */

/* Begin PBXProject section */
		8814CFCF20C720C8006B9525 /* Project object */ = {
			isa = PBXProject;
			attributes = {
				LastSwiftUpdateCheck = 0930;
				LastUpgradeCheck = 0930;
				ORGANIZATIONNAME = ei;
				TargetAttributes = {
					8814CFD620C720C8006B9525 = {
						CreatedOnToolsVersion = 9.3;
					};
				};
			};
			buildConfigurationList = 8814CFD220C720C8006B9525 /* Build configuration list for PBXProject "testeVerControl" */;
			compatibilityVersion = "Xcode 9.3";
			developmentRegion = en;
			hasScannedForEncodings = 0;
			knownRegions = (
				en,
				Base,
			);
			mainGroup = 8814CFCE20C720C8006B9525;
			productRefGroup = 8814CFD820C720C8006B9525 /* Products */;
			projectDirPath = "";
			projectRoot = "";
			targets = (
				8814CFD620C720C8006B9525 /* testeVerControl */,
			);
		};
/* End PBXProject section */

/* Begin PBXResourcesBuildPhase section */
		8814CFD520C720C8006B9525 /* Resources */ = {
			isa = PBXResourcesBuildPhase;
			buildActionMask = 2147483647;
			files = (
				8814CFE820C720CD006B9525 /* LaunchScreen.storyboard in Resources */,
				8814CFE520C720CD006B9525 /* Assets.xcassets in Resources */,
				8814CFE020C720C8006B9525 /* Main.storyboard in Resources */,
			);
			runOnlyForDeploymentPostprocessing = 0;
		};
/* End PBXResourcesBuildPhase section */

/* Begin PBXSourcesBuildPhase section */
		8814CFD320C720C8006B9525 /* Sources */ = {
			isa = PBXSourcesBuildPhase;
			buildActionMask = 2147483647;
			files = (
				8814CFDD20C720C8006B9525 /* ViewController.swift in Sources */,
				8814CFE320C720C8006B9525 /* testeVerControl.xcdatamodeld in Sources */,
				8814CFDB20C720C8006B9525 /* AppDelegate.swift in Sources */,
			);
			runOnlyForDeploymentPostprocessing = 0;
		};
/* End PBXSourcesBuildPhase section */

/* Begin PBXVariantGroup section */
		8814CFDE20C720C8006B9525 /* Main.storyboard */ = {
			isa = PBXVariantGroup;
			children = (
				8814CFDF20C720C8006B9525 /* Base */,
			);
			name = Main.storyboard;
			sourceTree = "<group>";
		};
		8814CFE620C720CD006B9525 /* LaunchScreen.storyboard */ = {
			isa = PBXVariantGroup;
			children = (
				8814CFE720C720CD006B9525 /* Base */,
			);
			name = LaunchScreen.storyboard;
			sourceTree = "<group>";
		};
/* End PBXVariantGroup section */

/* Begin XCBuildConfiguration section */
		8814CFEA20C720CD006B9525 /* Debug */ = {
			isa = XCBuildConfiguration;
			buildSettings = {
				ALWAYS_SEARCH_USER_PATHS = NO;
				CLANG_ANALYZER_NONNULL = YES;
				CLANG_ANALYZER_NUMBER_OBJECT_CONVERSION = YES_AGGRESSIVE;
				CLANG_CXX_LANGUAGE_STANDARD = "gnu++14";
				CLANG_CXX_LIBRARY = "libc++";
				CLANG_ENABLE_MODULES = YES;
				CLANG_ENABLE_OBJC_ARC = YES;
				CLANG_ENABLE_OBJC_WEAK = YES;
				CLANG_WARN_BLOCK_CAPTURE_AUTORELEASING = YES;
				CLANG_WARN_BOOL_CONVERSION = YES;
				CLANG_WARN_COMMA = YES;
				CLANG_WARN_CONSTANT_CONVERSION = YES;
				CLANG_WARN_DEPRECATED_OBJC_IMPLEMENTATIONS = YES;
				CLANG_WARN_DIRECT_OBJC_ISA_USAGE = YES_ERROR;
				CLANG_WARN_DOCUMENTATION_COMMENTS = YES;
				CLANG_WARN_EMPTY_BODY = YES;
				CLANG_WARN_ENUM_CONVERSION = YES;
				CLANG_WARN_INFINITE_RECURSION = YES;
				CLANG_WARN_INT_CONVERSION = YES;
				CLANG_WARN_NON_LITERAL_NULL_CONVERSION = YES;
				CLANG_WARN_OBJC_IMPLICIT_RETAIN_SELF = YES;
				CLANG_WARN_OBJC_LITERAL_CONVERSION = YES;
				CLANG_WARN_OBJC_ROOT_CLASS = YES_ERROR;
				CLANG_WARN_RANGE_LOOP_ANALYSIS = YES;
				CLANG_WARN_STRICT_PROTOTYPES = YES;
				CLANG_WARN_SUSPICIOUS_MOVE = YES;
				CLANG_WARN_UNGUARDED_AVAILABILITY = YES_AGGRESSIVE;
				CLANG_WARN_UNREACHABLE_CODE = YES;
				CLANG_WARN__DUPLICATE_METHOD_MATCH = YES;
				CODE_SIGN_IDENTITY = "iPhone Developer";
				COPY_PHASE_STRIP = NO;
				DEBUG_INFORMATION_FORMAT = dwarf;
				ENABLE_STRICT_OBJC_MSGSEND = YES;
				ENABLE_TESTABILITY = YES;
				GCC_C_LANGUAGE_STANDARD = gnu11;
				GCC_DYNAMIC_NO_PIC = NO;
				GCC_NO_COMMON_BLOCKS = YES;
				GCC_OPTIMIZATION_LEVEL = 0;
				GCC_PREPROCESSOR_DEFINITIONS = (
					"DEBUG=1",
					"$(inherited)",
				);
				GCC_WARN_64_TO_32_BIT_CONVERSION = YES;
				GCC_WARN_ABOUT_RETURN_TYPE = YES_ERROR;
				GCC_WARN_UNDECLARED_SELECTOR = YES;
				GCC_WARN_UNINITIALIZED_AUTOS = YES_AGGRESSIVE;
				GCC_WARN_UNUSED_FUNCTION = YES;
				GCC_WARN_UNUSED_VARIABLE = YES;
				IPHONEOS_DEPLOYMENT_TARGET = 11.3;
				MTL_ENABLE_DEBUG_INFO = YES;
				ONLY_ACTIVE_ARCH = YES;
				SDKROOT = iphoneos;
				SWIFT_ACTIVE_COMPILATION_CONDITIONS = DEBUG;
				SWIFT_OPTIMIZATION_LEVEL = "-Onone";
			};
			name = Debug;
		};
		8814CFEB20C720CD006B9525 /* Release */ = {
			isa = XCBuildConfiguration;
			buildSettings = {
				ALWAYS_SEARCH_USER_PATHS = NO;
				CLANG_ANALYZER_NONNULL = YES;
				CLANG_ANALYZER_NUMBER_OBJECT_CONVERSION = YES_AGGRESSIVE;
				CLANG_CXX_LANGUAGE_STANDARD = "gnu++14";
				CLANG_CXX_LIBRARY = "libc++";
				CLANG_ENABLE_MODULES = YES;
				CLANG_ENABLE_OBJC_ARC = YES;
				CLANG_ENABLE_OBJC_WEAK = YES;
				CLANG_WARN_BLOCK_CAPTURE_AUTORELEASING = YES;
				CLANG_WARN_BOOL_CONVERSION = YES;
				CLANG_WARN_COMMA = YES;
				CLANG_WARN_CONSTANT_CONVERSION = YES;
				CLANG_WARN_DEPRECATED_OBJC_IMPLEMENTATIONS = YES;
				CLANG_WARN_DIRECT_OBJC_ISA_USAGE = YES_ERROR;
				CLANG_WARN_DOCUMENTATION_COMMENTS = YES;
				CLANG_WARN_EMPTY_BODY = YES;
				CLANG_WARN_ENUM_CONVERSION = YES;
				CLANG_WARN_INFINITE_RECURSION = YES;
				CLANG_WARN_INT_CONVERSION = YES;
				CLANG_WARN_NON_LITERAL_NULL_CONVERSION = YES;
				CLANG_WARN_OBJC_IMPLICIT_RETAIN_SELF = YES;
				CLANG_WARN_OBJC_LITERAL_CONVERSION = YES;
				CLANG_WARN_OBJC_ROOT_CLASS = YES_ERROR;
				CLANG_WARN_RANGE_LOOP_ANALYSIS = YES;
				CLANG_WARN_STRICT_PROTOTYPES = YES;
				CLANG_WARN_SUSPICIOUS_MOVE = YES;
				CLANG_WARN_UNGUARDED_AVAILABILITY = YES_AGGRESSIVE;
				CLANG_WARN_UNREACHABLE_CODE = YES;
				CLANG_WARN__DUPLICATE_METHOD_MATCH = YES;
				CODE_SIGN_IDENTITY = "iPhone Developer";
				COPY_PHASE_STRIP = NO;
				DEBUG_INFORMATION_FORMAT = "dwarf-with-dsym";
				ENABLE_NS_ASSERTIONS = NO;
				ENABLE_STRICT_OBJC_MSGSEND = YES;
				GCC_C_LANGUAGE_STANDARD = gnu11;
				GCC_NO_COMMON_BLOCKS = YES;
				GCC_WARN_64_TO_32_BIT_CONVERSION = YES;
				GCC_WARN_ABOUT_RETURN_TYPE = YES_ERROR;
				GCC_WARN_UNDECLARED_SELECTOR = YES;
				GCC_WARN_UNINITIALIZED_AUTOS = YES_AGGRESSIVE;
				GCC_WARN_UNUSED_FUNCTION = YES;
				GCC_WARN_UNUSED_VARIABLE = YES;
				IPHONEOS_DEPLOYMENT_TARGET = 11.3;
				MTL_ENABLE_DEBUG_INFO = NO;
				SDKROOT = iphoneos;
				SWIFT_COMPILATION_MODE = wholemodule;
				SWIFT_OPTIMIZATION_LEVEL = "-O";
				VALIDATE_PRODUCT = YES;
			};
			name = Release;
		};
		8814CFED20C720CD006B9525 /* Debug */ = {
			isa = XCBuildConfiguration;
			buildSettings = {
				ASSETCATALOG_COMPILER_APPICON_NAME = AppIcon;
				CODE_SIGN_STYLE = Automatic;
				INFOPLIST_FILE = testeVerControl/Info.plist;
				LD_RUNPATH_SEARCH_PATHS = (
					"$(inherited)",
					"@executable_path/Frameworks",
				);
				PRODUCT_BUNDLE_IDENTIFIER = pt.ipvc.estg.testeVerControl;
				PRODUCT_NAME = "$(TARGET_NAME)";
				SWIFT_VERSION = 4.0;
				TARGETED_DEVICE_FAMILY = "1,2";
			};
			name = Debug;
		};
		8814CFEE20C720CD006B9525 /* Release */ = {
			isa = XCBuildConfiguration;
			buildSettings = {
				ASSETCATALOG_COMPILER_APPICON_NAME = AppIcon;
				CODE_SIGN_STYLE = Automatic;
				INFOPLIST_FILE = testeVerControl/Info.plist;
				LD_RUNPATH_SEARCH_PATHS = (
					"$(inherited)",
					"@executable_path/Frameworks",
				);
				PRODUCT_BUNDLE_IDENTIFIER = pt.ipvc.estg.testeVerControl;
				PRODUCT_NAME = "$(TARGET_NAME)";
				SWIFT_VERSION = 4.0;
				TARGETED_DEVICE_FAMILY = "1,2";
			};
			name = Release;
		};
/* End XCBuildConfiguration section */

/* Begin XCConfigurationList section */
		8814CFD220C720C8006B9525 /* Build configuration list for PBXProject "testeVerControl" */ = {
			isa = XCConfigurationList;
			buildConfigurations = (
				8814CFEA20C720CD006B9525 /* Debug */,
				8814CFEB20C720CD006B9525 /* Release */,
			);
			defaultConfigurationIsVisible = 0;
			defaultConfigurationName = Release;
		};
		8814CFEC20C720CD006B9525 /* Build configuration list for PBXNativeTarget "testeVerControl" */ = {
			isa = XCConfigurationList;
			buildConfigurations = (
				8814CFED20C720CD006B9525 /* Debug */,
				8814CFEE20C720CD006B9525 /* Release */,
			);
			defaultConfigurationIsVisible = 0;
			defaultConfigurationName = Release;
		};
/* End XCConfigurationList section */

/* Begin XCVersionGroup section */
		8814CFE120C720C8006B9525 /* testeVerControl.xcdatamodeld */ = {
			isa = XCVersionGroup;
			children = (
				8814CFE220C720C8006B9525 /* testeVerControl.xcdatamodel */,
			);
			currentVersion = 8814CFE220C720C8006B9525 /* testeVerControl.xcdatamodel */;
			path = testeVerControl.xcdatamodeld;
			sourceTree = "<group>";
			versionGroupType = wrapper.xcdatamodel;
		};
/* End XCVersionGroup section */
	};
	rootObject = 8814CFCF20C720C8006B9525 /* Project object */;
}
